
Microsoft Visual Studio Solution File, Format Version 12.00
# Visual Studio Version 17
VisualStudioVersion = 17.5.33530.505
MinimumVisualStudioVersion = 10.0.40219.1
Project("{8BC9CEB8-8B4A-11D0-8D11-00A0C91BC942}") = "Task 7", "Task 7\Task 7.vcxproj", "{15D92905-2019-4D6B-B88C-40D7090BEC60}"
EndProject
Project("{8BC9CEB8-8B4A-11D0-8D11-00A0C91BC942}") = "Task 8", "Task 8\Task 8.vcxproj", "{08DE6956-91D2-40F3-9D51-2BC1E6722EC4}"
EndProject
Global
	GlobalSection(SolutionConfigurationPlatforms) = preSolution
		Debug|x64 = Debug|x64
		Debug|x86 = Debug|x86
		Release|x64 = Release|x64
		Release|x86 = Release|x86
	EndGlobalSection
	GlobalSection(ProjectConfigurationPlatforms) = postSolution
		{15D92905-2019-4D6B-B88C-40D7090BEC60}.Debug|x64.ActiveCfg = Debug|x64
		{15D92905-2019-4D6B-B88C-40D7090BEC60}.Debug|x64.Build.0 = Debug|x64
		{15D92905-2019-4D6B-B88C-40D7090BEC60}.Debug|x86.ActiveCfg = Debug|Win32
		{15D92905-2019-4D6B-B88C-40D7090BEC60}.Debug|x86.Build.0 = Debug|Win32
		{15D92905-2019-4D6B-B88C-40D7090BEC60}.Release|x64.ActiveCfg = Release|x64
		{15D92905-2019-4D6B-B88C-40D7090BEC60}.Release|x64.Build.0 = Release|x64
		{15D92905-2019-4D6B-B88C-40D7090BEC60}.Release|x86.ActiveCfg = Release|Win32
		{15D92905-2019-4D6B-B88C-40D7090BEC60}.Release|x86.Build.0 = Release|Win32
		{08DE6956-91D2-40F3-9D51-2BC1E6722EC4}.Debug|x64.ActiveCfg = Debug|x64
		{08DE6956-91D2-40F3-9D51-2BC1E6722EC4}.Debug|x64.Build.0 = Debug|x64
		{08DE6956-91D2-40F3-9D51-2BC1E6722EC4}.Debug|x86.ActiveCfg = Debug|Win32
		{08DE6956-91D2-40F3-9D51-2BC1E6722EC4}.Debug|x86.Build.0 = Debug|Win32
		{08DE6956-91D2-40F3-9D51-2BC1E6722EC4}.Release|x64.ActiveCfg = Release|x64
		{08DE6956-91D2-40F3-9D51-2BC1E6722EC4}.Release|x64.Build.0 = Release|x64
		{08DE6956-91D2-40F3-9D51-2BC1E6722EC4}.Release|x86.ActiveCfg = Release|Win32
		{08DE6956-91D2-40F3-9D51-2BC1E6722EC4}.Release|x86.Build.0 = Release|Win32
	EndGlobalSection
	GlobalSection(SolutionProperties) = preSolution
		HideSolutionNode = FALSE
	EndGlobalSection
	GlobalSection(ExtensibilityGlobals) = postSolution
		SolutionGuid = {8FCE482D-6DBD-490B-912E-5410A121CF5F}
	EndGlobalSection
EndGlobal
